
Microsoft Visual Studio Solution File, Format Version 12.00
# Visual Studio Version 17
VisualStudioVersion = 17.5.002.0
MinimumVisualStudioVersion = 10.0.40219.1
Project("{2150E333-8FDC-42A3-9474-1A3956D46DE8}") = "Day2", "Day2", "{E87AB510-2427-4CF6-AAC2-4D0C85D376ED}"
EndProject
Project("{9A19103F-16F7-4668-BE54-9A1E7A4F7556}") = "day2", "Day2\day2\day2.csproj", "{4384CCE8-ACBC-4708-BC09-A943D34F203D}"
EndProject
Global
	GlobalSection(SolutionConfigurationPlatforms) = preSolution
		Debug|Any CPU = Debug|Any CPU
		Release|Any CPU = Release|Any CPU
	EndGlobalSection
	GlobalSection(ProjectConfigurationPlatforms) = postSolution
		{4384CCE8-ACBC-4708-BC09-A943D34F203D}.Debug|Any CPU.ActiveCfg = Debug|Any CPU
		{4384CCE8-ACBC-4708-BC09-A943D34F203D}.Debug|Any CPU.Build.0 = Debug|Any CPU
		{4384CCE8-ACBC-4708-BC09-A943D34F203D}.Release|Any CPU.ActiveCfg = Release|Any CPU
		{4384CCE8-ACBC-4708-BC09-A943D34F203D}.Release|Any CPU.Build.0 = Release|Any CPU
	EndGlobalSection
	GlobalSection(SolutionProperties) = preSolution
		HideSolutionNode = FALSE
	EndGlobalSection
	GlobalSection(NestedProjects) = preSolution
		{4384CCE8-ACBC-4708-BC09-A943D34F203D} = {E87AB510-2427-4CF6-AAC2-4D0C85D376ED}
	EndGlobalSection
	GlobalSection(ExtensibilityGlobals) = postSolution
		SolutionGuid = {468308F8-7844-4CF8-B9E4-32A4DF210ED6}
	EndGlobalSection
EndGlobal
